PODS:
  - KVOController (1.0.1)
  - TKRSegueOptions (0.0.1)

DEPENDENCIES:
  - KVOController
  - TKRSegueOptions (from `~/develop/github/TKRSegueOptions`)

EXTERNAL SOURCES:
  TKRSegueOptions:
    :path: ~/develop/github/TKRSegueOptions

SPEC CHECKSUMS:
  KVOController: e6ad4a058ab0ceed546802361adb89d322a22cf2
  TKRSegueOptions: bd3df3e50d7c5f50f230f2bb0acc1013446b6620

COCOAPODS: 0.33.1
