PODS:
  - KVOController (1.0.1)
  - TKRSegueOptions (0.1.0)

DEPENDENCIES:
  - KVOController
  - TKRSegueOptions (from `~/develop/github/TKRSegueOptions`)

EXTERNAL SOURCES:
  TKRSegueOptions:
    :path: ~/develop/github/TKRSegueOptions

SPEC CHECKSUMS:
  KVOController: e6ad4a058ab0ceed546802361adb89d322a22cf2
  TKRSegueOptions: 4bb4882c3e8cc668ba4a4fb2a3923841c871e616

COCOAPODS: 0.33.1
