// !$*UTF8*$!
{
	archiveVersion = 1;
	classes = {
	};
	objectVersion = 46;
	objects = {

/* Begin PBXBuildFile section */
		04BF8AC00F9F48008DD2184C /* libPods.a in Frameworks */ = {isa = PBXBuildFile; fileRef = 91CB8091B88C471C8CA81B30 /* libPods.a */; };
		06042448196E7D2D005D6B9A /* PhotosCollectionViewController.swift in Sources */ = {isa = PBXBuildFile; fileRef = 0604243E196E7D2D005D6B9A /* PhotosCollectionViewController.swift */; };
		06042449196E7D2D005D6B9A /* UICollectionViewCell+Model.swift in Sources */ = {isa = PBXBuildFile; fileRef = 06042440196E7D2D005D6B9A /* UICollectionViewCell+Model.swift */; };
		0604244A196E7D2D005D6B9A /* LocalPhotosManager.swift in Sources */ = {isa = PBXBuildFile; fileRef = 06042442196E7D2D005D6B9A /* LocalPhotosManager.swift */; };
		0604244B196E7D2D005D6B9A /* Model.swift in Sources */ = {isa = PBXBuildFile; fileRef = 06042443196E7D2D005D6B9A /* Model.swift */; };
		0604244C196E7D2D005D6B9A /* PhotosManager.swift in Sources */ = {isa = PBXBuildFile; fileRef = 06042444196E7D2D005D6B9A /* PhotosManager.swift */; };
		0604244D196E7D2D005D6B9A /* PhotoCell.swift in Sources */ = {isa = PBXBuildFile; fileRef = 06042447196E7D2D005D6B9A /* PhotoCell.swift */; };
		0604244F196E84F5005D6B9A /* PhotoViewerMainViewController.swift in Sources */ = {isa = PBXBuildFile; fileRef = 0604244E196E84F5005D6B9A /* PhotoViewerMainViewController.swift */; };
		06042451196E8D84005D6B9A /* PhotoViewerContained.swift in Sources */ = {isa = PBXBuildFile; fileRef = 06042450196E8D84005D6B9A /* PhotoViewerContained.swift */; };
		061A88A8196F7D790045CA94 /* BaseViewController.swift in Sources */ = {isa = PBXBuildFile; fileRef = 061A88A7196F7D790045CA94 /* BaseViewController.swift */; };
		069983291972251A000624C9 /* UITableViewCell+Model.swift in Sources */ = {isa = PBXBuildFile; fileRef = 069983281972251A000624C9 /* UITableViewCell+Model.swift */; };
		0699832B19722661000624C9 /* AlbumCell.swift in Sources */ = {isa = PBXBuildFile; fileRef = 0699832A19722661000624C9 /* AlbumCell.swift */; };
		06AB4CC219725B9A00C9A2C8 /* NSObject+SafeSubscripts.swift in Sources */ = {isa = PBXBuildFile; fileRef = 06AB4CC119725B9A00C9A2C8 /* NSObject+SafeSubscripts.swift */; };
		06AB4CC41972613800C9A2C8 /* OverlayScrollView.swift in Sources */ = {isa = PBXBuildFile; fileRef = 06AB4CC31972613800C9A2C8 /* OverlayScrollView.swift */; };
		06C8F8EF196FD5E20034B447 /* AlbumListViewController.swift in Sources */ = {isa = PBXBuildFile; fileRef = 06C8F8EE196FD5E20034B447 /* AlbumListViewController.swift */; };
		06C9F1311972F46B008F86BD /* GeneralCollectionSectionView.swift in Sources */ = {isa = PBXBuildFile; fileRef = 06C9F1301972F46B008F86BD /* GeneralCollectionSectionView.swift */; };
		06C9F1331972FBBD008F86BD /* Array+Utils.swift in Sources */ = {isa = PBXBuildFile; fileRef = 06C9F1321972FBBD008F86BD /* Array+Utils.swift */; };
		06D7BFFC196CE5B100898A97 /* AppDelegate.swift in Sources */ = {isa = PBXBuildFile; fileRef = 06D7BFFB196CE5B100898A97 /* AppDelegate.swift */; };
		06D7BFFE196CE5B100898A97 /* ViewController.swift in Sources */ = {isa = PBXBuildFile; fileRef = 06D7BFFD196CE5B100898A97 /* ViewController.swift */; };
		06D7C001196CE5B100898A97 /* Main.storyboard in Resources */ = {isa = PBXBuildFile; fileRef = 06D7BFFF196CE5B100898A97 /* Main.storyboard */; };
		06D7C003196CE5B100898A97 /* Images.xcassets in Resources */ = {isa = PBXBuildFile; fileRef = 06D7C002196CE5B100898A97 /* Images.xcassets */; };
		06D7C00F196CE5B100898A97 /* PhotosSampleTests.swift in Sources */ = {isa = PBXBuildFile; fileRef = 06D7C00E196CE5B100898A97 /* PhotosSampleTests.swift */; };
/* End PBXBuildFile section */

/* Begin PBXContainerItemProxy section */
		06D7C009196CE5B100898A97 /* PBXContainerItemProxy */ = {
			isa = PBXContainerItemProxy;
			containerPortal = 06D7BFEE196CE5B100898A97 /* Project object */;
			proxyType = 1;
			remoteGlobalIDString = 06D7BFF5196CE5B100898A97;
			remoteInfo = PhotosSample;
		};
		06D7C018196CE9F000898A97 /* PBXContainerItemProxy */ = {
			isa = PBXContainerItemProxy;
			containerPortal = 06D7BFEE196CE5B100898A97 /* Project object */;
			proxyType = 1;
			remoteGlobalIDString = 06D7BFF5196CE5B100898A97;
			remoteInfo = PhotosSample;
		};
/* End PBXContainerItemProxy section */

/* Begin PBXFileReference section */
		0604243E196E7D2D005D6B9A /* PhotosCollectionViewController.swift */ = {isa = PBXFileReference; fileEncoding = 4; lastKnownFileType = sourcecode.swift; path = PhotosCollectionViewController.swift; sourceTree = "<group>"; };
		06042440196E7D2D005D6B9A /* UICollectionViewCell+Model.swift */ = {isa = PBXFileReference; fileEncoding = 4; lastKnownFileType = sourcecode.swift; path = "UICollectionViewCell+Model.swift"; sourceTree = "<group>"; };
		06042442196E7D2D005D6B9A /* LocalPhotosManager.swift */ = {isa = PBXFileReference; fileEncoding = 4; lastKnownFileType = sourcecode.swift; path = LocalPhotosManager.swift; sourceTree = "<group>"; };
		06042443196E7D2D005D6B9A /* Model.swift */ = {isa = PBXFileReference; fileEncoding = 4; lastKnownFileType = sourcecode.swift; path = Model.swift; sourceTree = "<group>"; };
		06042444196E7D2D005D6B9A /* PhotosManager.swift */ = {isa = PBXFileReference; fileEncoding = 4; lastKnownFileType = sourcecode.swift; path = PhotosManager.swift; sourceTree = "<group>"; };
		06042447196E7D2D005D6B9A /* PhotoCell.swift */ = {isa = PBXFileReference; fileEncoding = 4; lastKnownFileType = sourcecode.swift; path = PhotoCell.swift; sourceTree = "<group>"; };
		0604244E196E84F5005D6B9A /* PhotoViewerMainViewController.swift */ = {isa = PBXFileReference; fileEncoding = 4; lastKnownFileType = sourcecode.swift; path = PhotoViewerMainViewController.swift; sourceTree = "<group>"; };
		06042450196E8D84005D6B9A /* PhotoViewerContained.swift */ = {isa = PBXFileReference; fileEncoding = 4; lastKnownFileType = sourcecode.swift; path = PhotoViewerContained.swift; sourceTree = "<group>"; };
		061A889F196F5AAA0045CA94 /* PhotosSample-Bridging-Header.h */ = {isa = PBXFileReference; lastKnownFileType = sourcecode.c.h; path = "PhotosSample-Bridging-Header.h"; sourceTree = "<group>"; };
		061A88A7196F7D790045CA94 /* BaseViewController.swift */ = {isa = PBXFileReference; fileEncoding = 4; lastKnownFileType = sourcecode.swift; path = BaseViewController.swift; sourceTree = "<group>"; };
		069983281972251A000624C9 /* UITableViewCell+Model.swift */ = {isa = PBXFileReference; fileEncoding = 4; lastKnownFileType = sourcecode.swift; path = "UITableViewCell+Model.swift"; sourceTree = "<group>"; };
		0699832A19722661000624C9 /* AlbumCell.swift */ = {isa = PBXFileReference; fileEncoding = 4; lastKnownFileType = sourcecode.swift; path = AlbumCell.swift; sourceTree = "<group>"; };
		06AB4CC119725B9A00C9A2C8 /* NSObject+SafeSubscripts.swift */ = {isa = PBXFileReference; fileEncoding = 4; lastKnownFileType = sourcecode.swift; path = "NSObject+SafeSubscripts.swift"; sourceTree = "<group>"; };
		06AB4CC31972613800C9A2C8 /* OverlayScrollView.swift */ = {isa = PBXFileReference; fileEncoding = 4; lastKnownFileType = sourcecode.swift; path = OverlayScrollView.swift; sourceTree = "<group>"; };
		06C8F8EE196FD5E20034B447 /* AlbumListViewController.swift */ = {isa = PBXFileReference; fileEncoding = 4; lastKnownFileType = sourcecode.swift; path = AlbumListViewController.swift; sourceTree = "<group>"; };
		06C9F1301972F46B008F86BD /* GeneralCollectionSectionView.swift */ = {isa = PBXFileReference; fileEncoding = 4; lastKnownFileType = sourcecode.swift; path = GeneralCollectionSectionView.swift; sourceTree = "<group>"; };
		06C9F1321972FBBD008F86BD /* Array+Utils.swift */ = {isa = PBXFileReference; fileEncoding = 4; lastKnownFileType = sourcecode.swift; path = "Array+Utils.swift"; sourceTree = "<group>"; };
		06D7BFF6196CE5B100898A97 /* PhotosSample.app */ = {isa = PBXFileReference; explicitFileType = wrapper.application; includeInIndex = 0; path = PhotosSample.app; sourceTree = BUILT_PRODUCTS_DIR; };
		06D7BFFA196CE5B100898A97 /* Info.plist */ = {isa = PBXFileReference; lastKnownFileType = text.plist.xml; path = Info.plist; sourceTree = "<group>"; };
		06D7BFFB196CE5B100898A97 /* AppDelegate.swift */ = {isa = PBXFileReference; lastKnownFileType = sourcecode.swift; path = AppDelegate.swift; sourceTree = "<group>"; };
		06D7BFFD196CE5B100898A97 /* ViewController.swift */ = {isa = PBXFileReference; lastKnownFileType = sourcecode.swift; path = ViewController.swift; sourceTree = "<group>"; };
		06D7C000196CE5B100898A97 /* Base */ = {isa = PBXFileReference; lastKnownFileType = file.storyboard; name = Base; path = Base.lproj/Main.storyboard; sourceTree = "<group>"; };
		06D7C002196CE5B100898A97 /* Images.xcassets */ = {isa = PBXFileReference; lastKnownFileType = folder.assetcatalog; path = Images.xcassets; sourceTree = "<group>"; };
		06D7C008196CE5B100898A97 /* PhotosSampleTests.xctest */ = {isa = PBXFileReference; explicitFileType = wrapper.cfbundle; includeInIndex = 0; path = PhotosSampleTests.xctest; sourceTree = BUILT_PRODUCTS_DIR; };
		06D7C00D196CE5B100898A97 /* Info.plist */ = {isa = PBXFileReference; lastKnownFileType = text.plist.xml; path = Info.plist; sourceTree = "<group>"; };
		06D7C00E196CE5B100898A97 /* PhotosSampleTests.swift */ = {isa = PBXFileReference; lastKnownFileType = sourcecode.swift; path = PhotosSampleTests.swift; sourceTree = "<group>"; };
		07B8EFB0EA9C4E31A4E3A955 /* Pods.xcconfig */ = {isa = PBXFileReference; includeInIndex = 1; lastKnownFileType = text.xcconfig; name = Pods.xcconfig; path = Pods/Pods.xcconfig; sourceTree = "<group>"; };
		91CB8091B88C471C8CA81B30 /* libPods.a */ = {isa = PBXFileReference; explicitFileType = archive.ar; includeInIndex = 0; path = libPods.a; sourceTree = BUILT_PRODUCTS_DIR; };
/* End PBXFileReference section */

/* Begin PBXFrameworksBuildPhase section */
		06D7BFF3196CE5B100898A97 /* Frameworks */ = {
			isa = PBXFrameworksBuildPhase;
			buildActionMask = 2147483647;
			files = (
				04BF8AC00F9F48008DD2184C /* libPods.a in Frameworks */,
			);
			runOnlyForDeploymentPostprocessing = 0;
		};
		06D7C005196CE5B100898A97 /* Frameworks */ = {
			isa = PBXFrameworksBuildPhase;
			buildActionMask = 2147483647;
			files = (
			);
			runOnlyForDeploymentPostprocessing = 0;
		};
/* End PBXFrameworksBuildPhase section */

/* Begin PBXGroup section */
		0604243C196E7D2D005D6B9A /* Classes */ = {
			isa = PBXGroup;
			children = (
				0604243D196E7D2D005D6B9A /* Controllers */,
				0604243F196E7D2D005D6B9A /* Extensions */,
				06042441196E7D2D005D6B9A /* Models */,
				06042445196E7D2D005D6B9A /* Utils */,
				06042446196E7D2D005D6B9A /* Views */,
			);
			path = Classes;
			sourceTree = "<group>";
		};
		0604243D196E7D2D005D6B9A /* Controllers */ = {
			isa = PBXGroup;
			children = (
				06C8F8EE196FD5E20034B447 /* AlbumListViewController.swift */,
				061A88A7196F7D790045CA94 /* BaseViewController.swift */,
				06042450196E8D84005D6B9A /* PhotoViewerContained.swift */,
				0604244E196E84F5005D6B9A /* PhotoViewerMainViewController.swift */,
				0604243E196E7D2D005D6B9A /* PhotosCollectionViewController.swift */,
			);
			path = Controllers;
			sourceTree = "<group>";
		};
		0604243F196E7D2D005D6B9A /* Extensions */ = {
			isa = PBXGroup;
			children = (
				06C9F1321972FBBD008F86BD /* Array+Utils.swift */,
				06AB4CC119725B9A00C9A2C8 /* NSObject+SafeSubscripts.swift */,
				069983281972251A000624C9 /* UITableViewCell+Model.swift */,
				06042440196E7D2D005D6B9A /* UICollectionViewCell+Model.swift */,
			);
			path = Extensions;
			sourceTree = "<group>";
		};
		06042441196E7D2D005D6B9A /* Models */ = {
			isa = PBXGroup;
			children = (
				06042442196E7D2D005D6B9A /* LocalPhotosManager.swift */,
				06042443196E7D2D005D6B9A /* Model.swift */,
				06042444196E7D2D005D6B9A /* PhotosManager.swift */,
			);
			path = Models;
			sourceTree = "<group>";
		};
		06042445196E7D2D005D6B9A /* Utils */ = {
			isa = PBXGroup;
			children = (
			);
			path = Utils;
			sourceTree = "<group>";
		};
		06042446196E7D2D005D6B9A /* Views */ = {
			isa = PBXGroup;
			children = (
				06C9F1301972F46B008F86BD /* GeneralCollectionSectionView.swift */,
				06AB4CC31972613800C9A2C8 /* OverlayScrollView.swift */,
				0699832A19722661000624C9 /* AlbumCell.swift */,
				06042447196E7D2D005D6B9A /* PhotoCell.swift */,
			);
			path = Views;
			sourceTree = "<group>";
		};
		06D7BFED196CE5B100898A97 = {
			isa = PBXGroup;
			children = (
				06D7BFF8196CE5B100898A97 /* PhotosSample */,
				06D7C00B196CE5B100898A97 /* PhotosSampleTests */,
				06D7BFF7196CE5B100898A97 /* Products */,
				07B8EFB0EA9C4E31A4E3A955 /* Pods.xcconfig */,
				5A3A1037B0D149AFBE19010B /* Frameworks */,
			);
			sourceTree = "<group>";
		};
		06D7BFF7196CE5B100898A97 /* Products */ = {
			isa = PBXGroup;
			children = (
				06D7BFF6196CE5B100898A97 /* PhotosSample.app */,
				06D7C008196CE5B100898A97 /* PhotosSampleTests.xctest */,
			);
			name = Products;
			sourceTree = "<group>";
		};
		06D7BFF8196CE5B100898A97 /* PhotosSample */ = {
			isa = PBXGroup;
			children = (
				0604243C196E7D2D005D6B9A /* Classes */,
				06D7BFFB196CE5B100898A97 /* AppDelegate.swift */,
				06D7BFFD196CE5B100898A97 /* ViewController.swift */,
				06D7BFFF196CE5B100898A97 /* Main.storyboard */,
				06D7C002196CE5B100898A97 /* Images.xcassets */,
				06D7BFF9196CE5B100898A97 /* Supporting Files */,
			);
			path = PhotosSample;
			sourceTree = "<group>";
		};
		06D7BFF9196CE5B100898A97 /* Supporting Files */ = {
			isa = PBXGroup;
			children = (
				061A889F196F5AAA0045CA94 /* PhotosSample-Bridging-Header.h */,
				06D7BFFA196CE5B100898A97 /* Info.plist */,
			);
			name = "Supporting Files";
			sourceTree = "<group>";
		};
		06D7C00B196CE5B100898A97 /* PhotosSampleTests */ = {
			isa = PBXGroup;
			children = (
				06D7C00E196CE5B100898A97 /* PhotosSampleTests.swift */,
				06D7C00C196CE5B100898A97 /* Supporting Files */,
			);
			path = PhotosSampleTests;
			sourceTree = "<group>";
		};
		06D7C00C196CE5B100898A97 /* Supporting Files */ = {
			isa = PBXGroup;
			children = (
				06D7C00D196CE5B100898A97 /* Info.plist */,
			);
			name = "Supporting Files";
			sourceTree = "<group>";
		};
		5A3A1037B0D149AFBE19010B /* Frameworks */ = {
			isa = PBXGroup;
			children = (
				91CB8091B88C471C8CA81B30 /* libPods.a */,
			);
			name = Frameworks;
			sourceTree = "<group>";
		};
/* End PBXGroup section */

/* Begin PBXNativeTarget section */
		06D7BFF5196CE5B100898A97 /* PhotosSample */ = {
			isa = PBXNativeTarget;
			buildConfigurationList = 06D7C012196CE5B100898A97 /* Build configuration list for PBXNativeTarget "PhotosSample" */;
			buildPhases = (
				ED0622D766FD4CBEA1038617 /* Check Pods Manifest.lock */,
				06D7BFF2196CE5B100898A97 /* Sources */,
				06D7BFF3196CE5B100898A97 /* Frameworks */,
				06D7BFF4196CE5B100898A97 /* Resources */,
				BFE7AEDDC0254A1EBF41752D /* Copy Pods Resources */,
			);
			buildRules = (
			);
			dependencies = (
			);
			name = PhotosSample;
			productName = PhotosSample;
			productReference = 06D7BFF6196CE5B100898A97 /* PhotosSample.app */;
			productType = "com.apple.product-type.application";
		};
		06D7C007196CE5B100898A97 /* PhotosSampleTests */ = {
			isa = PBXNativeTarget;
			buildConfigurationList = 06D7C015196CE5B100898A97 /* Build configuration list for PBXNativeTarget "PhotosSampleTests" */;
			buildPhases = (
				06D7C004196CE5B100898A97 /* Sources */,
				06D7C005196CE5B100898A97 /* Frameworks */,
				06D7C006196CE5B100898A97 /* Resources */,
			);
			buildRules = (
			);
			dependencies = (
				06D7C00A196CE5B100898A97 /* PBXTargetDependency */,
				06D7C019196CE9F000898A97 /* PBXTargetDependency */,
			);
			name = PhotosSampleTests;
			productName = PhotosSampleTests;
			productReference = 06D7C008196CE5B100898A97 /* PhotosSampleTests.xctest */;
			productType = "com.apple.product-type.bundle.unit-test";
		};
/* End PBXNativeTarget section */

/* Begin PBXProject section */
		06D7BFEE196CE5B100898A97 /* Project object */ = {
			isa = PBXProject;
			attributes = {
				LastUpgradeCheck = 0600;
				ORGANIZATIONNAME = tokoro;
				TargetAttributes = {
					06D7BFF5196CE5B100898A97 = {
						CreatedOnToolsVersion = 6.0;
					};
					06D7C007196CE5B100898A97 = {
						CreatedOnToolsVersion = 6.0;
						TestTargetID = 06D7BFF5196CE5B100898A97;
					};
				};
			};
			buildConfigurationList = 06D7BFF1196CE5B100898A97 /* Build configuration list for PBXProject "PhotosSample" */;
			compatibilityVersion = "Xcode 3.2";
			developmentRegion = English;
			hasScannedForEncodings = 0;
			knownRegions = (
				en,
				Base,
			);
			mainGroup = 06D7BFED196CE5B100898A97;
			productRefGroup = 06D7BFF7196CE5B100898A97 /* Products */;
			projectDirPath = "";
			projectRoot = "";
			targets = (
				06D7BFF5196CE5B100898A97 /* PhotosSample */,
				06D7C007196CE5B100898A97 /* PhotosSampleTests */,
			);
		};
/* End PBXProject section */

/* Begin PBXResourcesBuildPhase section */
		06D7BFF4196CE5B100898A97 /* Resources */ = {
			isa = PBXResourcesBuildPhase;
			buildActionMask = 2147483647;
			files = (
				06D7C001196CE5B100898A97 /* Main.storyboard in Resources */,
				06D7C003196CE5B100898A97 /* Images.xcassets in Resources */,
			);
			runOnlyForDeploymentPostprocessing = 0;
		};
		06D7C006196CE5B100898A97 /* Resources */ = {
			isa = PBXResourcesBuildPhase;
			buildActionMask = 2147483647;
			files = (
			);
			runOnlyForDeploymentPostprocessing = 0;
		};
/* End PBXResourcesBuildPhase section */

/* Begin PBXShellScriptBuildPhase section */
		BFE7AEDDC0254A1EBF41752D /* Copy Pods Resources */ = {
			isa = PBXShellScriptBuildPhase;
			buildActionMask = 2147483647;
			files = (
			);
			inputPaths = (
			);
			name = "Copy Pods Resources";
			outputPaths = (
			);
			runOnlyForDeploymentPostprocessing = 0;
			shellPath = /bin/sh;
			shellScript = "\"${SRCROOT}/Pods/Pods-resources.sh\"\n";
			showEnvVarsInLog = 0;
		};
		ED0622D766FD4CBEA1038617 /* Check Pods Manifest.lock */ = {
			isa = PBXShellScriptBuildPhase;
			buildActionMask = 2147483647;
			files = (
			);
			inputPaths = (
			);
			name = "Check Pods Manifest.lock";
			outputPaths = (
			);
			runOnlyForDeploymentPostprocessing = 0;
			shellPath = /bin/sh;
			shellScript = "diff \"${PODS_ROOT}/../Podfile.lock\" \"${PODS_ROOT}/Manifest.lock\" > /dev/null\nif [[ $? != 0 ]] ; then\n    cat << EOM\nerror: The sandbox is not in sync with the Podfile.lock. Run 'pod install' or update your CocoaPods installation.\nEOM\n    exit 1\nfi\n";
			showEnvVarsInLog = 0;
		};
/* End PBXShellScriptBuildPhase section */

/* Begin PBXSourcesBuildPhase section */
		06D7BFF2196CE5B100898A97 /* Sources */ = {
			isa = PBXSourcesBuildPhase;
			buildActionMask = 2147483647;
			files = (
				0604244A196E7D2D005D6B9A /* LocalPhotosManager.swift in Sources */,
				06AB4CC41972613800C9A2C8 /* OverlayScrollView.swift in Sources */,
				06042449196E7D2D005D6B9A /* UICollectionViewCell+Model.swift in Sources */,
				061A88A8196F7D790045CA94 /* BaseViewController.swift in Sources */,
				0699832B19722661000624C9 /* AlbumCell.swift in Sources */,
				06042448196E7D2D005D6B9A /* PhotosCollectionViewController.swift in Sources */,
				069983291972251A000624C9 /* UITableViewCell+Model.swift in Sources */,
				06C8F8EF196FD5E20034B447 /* AlbumListViewController.swift in Sources */,
				0604244F196E84F5005D6B9A /* PhotoViewerMainViewController.swift in Sources */,
				0604244B196E7D2D005D6B9A /* Model.swift in Sources */,
				0604244D196E7D2D005D6B9A /* PhotoCell.swift in Sources */,
				06D7BFFE196CE5B100898A97 /* ViewController.swift in Sources */,
				06C9F1311972F46B008F86BD /* GeneralCollectionSectionView.swift in Sources */,
				06AB4CC219725B9A00C9A2C8 /* NSObject+SafeSubscripts.swift in Sources */,
				06D7BFFC196CE5B100898A97 /* AppDelegate.swift in Sources */,
				06042451196E8D84005D6B9A /* PhotoViewerContained.swift in Sources */,
				06C9F1331972FBBD008F86BD /* Array+Utils.swift in Sources */,
				0604244C196E7D2D005D6B9A /* PhotosManager.swift in Sources */,
			);
			runOnlyForDeploymentPostprocessing = 0;
		};
		06D7C004196CE5B100898A97 /* Sources */ = {
			isa = PBXSourcesBuildPhase;
			buildActionMask = 2147483647;
			files = (
				06D7C00F196CE5B100898A97 /* PhotosSampleTests.swift in Sources */,
			);
			runOnlyForDeploymentPostprocessing = 0;
		};
/* End PBXSourcesBuildPhase section */

/* Begin PBXTargetDependency section */
		06D7C00A196CE5B100898A97 /* PBXTargetDependency */ = {
			isa = PBXTargetDependency;
			target = 06D7BFF5196CE5B100898A97 /* PhotosSample */;
			targetProxy = 06D7C009196CE5B100898A97 /* PBXContainerItemProxy */;
		};
		06D7C019196CE9F000898A97 /* PBXTargetDependency */ = {
			isa = PBXTargetDependency;
			target = 06D7BFF5196CE5B100898A97 /* PhotosSample */;
			targetProxy = 06D7C018196CE9F000898A97 /* PBXContainerItemProxy */;
		};
/* End PBXTargetDependency section */

/* Begin PBXVariantGroup section */
		06D7BFFF196CE5B100898A97 /* Main.storyboard */ = {
			isa = PBXVariantGroup;
			children = (
				06D7C000196CE5B100898A97 /* Base */,
			);
			name = Main.storyboard;
			sourceTree = "<group>";
		};
/* End PBXVariantGroup section */

/* Begin XCBuildConfiguration section */
		06D7C010196CE5B100898A97 /* Debug */ = {
			isa = XCBuildConfiguration;
			buildSettings = {
				ALWAYS_SEARCH_USER_PATHS = NO;
				CLANG_CXX_LANGUAGE_STANDARD = "gnu++0x";
				CLANG_CXX_LIBRARY = "libc++";
				CLANG_ENABLE_MODULES = YES;
				CLANG_ENABLE_OBJC_ARC = YES;
				CLANG_WARN_BOOL_CONVERSION = YES;
				CLANG_WARN_CONSTANT_CONVERSION = YES;
				CLANG_WARN_DIRECT_OBJC_ISA_USAGE = YES_ERROR;
				CLANG_WARN_EMPTY_BODY = YES;
				CLANG_WARN_ENUM_CONVERSION = YES;
				CLANG_WARN_INT_CONVERSION = YES;
				CLANG_WARN_OBJC_ROOT_CLASS = YES_ERROR;
				CLANG_WARN_UNREACHABLE_CODE = YES;
				CLANG_WARN__DUPLICATE_METHOD_MATCH = YES;
				"CODE_SIGN_IDENTITY[sdk=iphoneos*]" = "iPhone Developer";
				COPY_PHASE_STRIP = NO;
				ENABLE_STRICT_OBJC_MSGSEND = YES;
				GCC_C_LANGUAGE_STANDARD = gnu99;
				GCC_DYNAMIC_NO_PIC = NO;
				GCC_OPTIMIZATION_LEVEL = 0;
				GCC_PREPROCESSOR_DEFINITIONS = (
					"DEBUG=1",
					"$(inherited)",
				);
				GCC_SYMBOLS_PRIVATE_EXTERN = NO;
				GCC_WARN_64_TO_32_BIT_CONVERSION = YES;
				GCC_WARN_ABOUT_RETURN_TYPE = YES_ERROR;
				GCC_WARN_UNDECLARED_SELECTOR = YES;
				GCC_WARN_UNINITIALIZED_AUTOS = YES_AGGRESSIVE;
				GCC_WARN_UNUSED_FUNCTION = YES;
				GCC_WARN_UNUSED_VARIABLE = YES;
				IPHONEOS_DEPLOYMENT_TARGET = 8.0;
				MTL_ENABLE_DEBUG_INFO = YES;
				ONLY_ACTIVE_ARCH = YES;
				SDKROOT = iphoneos;
				SWIFT_OPTIMIZATION_LEVEL = "-Onone";
				TARGETED_DEVICE_FAMILY = "1,2";
			};
			name = Debug;
		};
		06D7C011196CE5B100898A97 /* Release */ = {
			isa = XCBuildConfiguration;
			buildSettings = {
				ALWAYS_SEARCH_USER_PATHS = NO;
				CLANG_CXX_LANGUAGE_STANDARD = "gnu++0x";
				CLANG_CXX_LIBRARY = "libc++";
				CLANG_ENABLE_MODULES = YES;
				CLANG_ENABLE_OBJC_ARC = YES;
				CLANG_WARN_BOOL_CONVERSION = YES;
				CLANG_WARN_CONSTANT_CONVERSION = YES;
				CLANG_WARN_DIRECT_OBJC_ISA_USAGE = YES_ERROR;
				CLANG_WARN_EMPTY_BODY = YES;
				CLANG_WARN_ENUM_CONVERSION = YES;
				CLANG_WARN_INT_CONVERSION = YES;
				CLANG_WARN_OBJC_ROOT_CLASS = YES_ERROR;
				CLANG_WARN_UNREACHABLE_CODE = YES;
				CLANG_WARN__DUPLICATE_METHOD_MATCH = YES;
				"CODE_SIGN_IDENTITY[sdk=iphoneos*]" = "iPhone Developer";
				COPY_PHASE_STRIP = YES;
				ENABLE_NS_ASSERTIONS = NO;
				ENABLE_STRICT_OBJC_MSGSEND = YES;
				GCC_C_LANGUAGE_STANDARD = gnu99;
				GCC_WARN_64_TO_32_BIT_CONVERSION = YES;
				GCC_WARN_ABOUT_RETURN_TYPE = YES_ERROR;
				GCC_WARN_UNDECLARED_SELECTOR = YES;
				GCC_WARN_UNINITIALIZED_AUTOS = YES_AGGRESSIVE;
				GCC_WARN_UNUSED_FUNCTION = YES;
				GCC_WARN_UNUSED_VARIABLE = YES;
				IPHONEOS_DEPLOYMENT_TARGET = 8.0;
				MTL_ENABLE_DEBUG_INFO = NO;
				SDKROOT = iphoneos;
				TARGETED_DEVICE_FAMILY = "1,2";
				VALIDATE_PRODUCT = YES;
			};
			name = Release;
		};
		06D7C013196CE5B100898A97 /* Debug */ = {
			isa = XCBuildConfiguration;
			baseConfigurationReference = 07B8EFB0EA9C4E31A4E3A955 /* Pods.xcconfig */;
			buildSettings = {
				ASSETCATALOG_COMPILER_APPICON_NAME = AppIcon;
				ASSETCATALOG_COMPILER_LAUNCHIMAGE_NAME = LaunchImage;
				CLANG_ENABLE_MODULES = YES;
				INFOPLIST_FILE = PhotosSample/Info.plist;
				LD_RUNPATH_SEARCH_PATHS = "$(inherited) @executable_path/Frameworks";
				PRODUCT_NAME = "$(TARGET_NAME)";
				PROVISIONING_PROFILE = "";
				SWIFT_OBJC_BRIDGING_HEADER = "PhotosSample/PhotosSample-Bridging-Header.h";
				SWIFT_OPTIMIZATION_LEVEL = "-Onone";
			};
			name = Debug;
		};
		06D7C014196CE5B100898A97 /* Release */ = {
			isa = XCBuildConfiguration;
			baseConfigurationReference = 07B8EFB0EA9C4E31A4E3A955 /* Pods.xcconfig */;
			buildSettings = {
				ASSETCATALOG_COMPILER_APPICON_NAME = AppIcon;
				ASSETCATALOG_COMPILER_LAUNCHIMAGE_NAME = LaunchImage;
				CLANG_ENABLE_MODULES = YES;
				INFOPLIST_FILE = PhotosSample/Info.plist;
				LD_RUNPATH_SEARCH_PATHS = "$(inherited) @executable_path/Frameworks";
				PRODUCT_NAME = "$(TARGET_NAME)";
				PROVISIONING_PROFILE = "";
				SWIFT_OBJC_BRIDGING_HEADER = "PhotosSample/PhotosSample-Bridging-Header.h";
			};
			name = Release;
		};
		06D7C016196CE5B100898A97 /* Debug */ = {
			isa = XCBuildConfiguration;
			buildSettings = {
				BUNDLE_LOADER = "$(BUILT_PRODUCTS_DIR)/PhotosSample.app/PhotosSample";
				FRAMEWORK_SEARCH_PATHS = (
					"$(SDKROOT)/Developer/Library/Frameworks",
					"$(inherited)",
				);
				GCC_PREPROCESSOR_DEFINITIONS = (
					"DEBUG=1",
					"$(inherited)",
				);
				INFOPLIST_FILE = PhotosSampleTests/Info.plist;
				LD_RUNPATH_SEARCH_PATHS = "$(inherited) @executable_path/Frameworks @loader_path/Frameworks";
				PRODUCT_NAME = "$(TARGET_NAME)";
				TEST_HOST = "$(BUNDLE_LOADER)";
			};
			name = Debug;
		};
		06D7C017196CE5B100898A97 /* Release */ = {
			isa = XCBuildConfiguration;
			buildSettings = {
				BUNDLE_LOADER = "$(BUILT_PRODUCTS_DIR)/PhotosSample.app/PhotosSample";
				FRAMEWORK_SEARCH_PATHS = (
					"$(SDKROOT)/Developer/Library/Frameworks",
					"$(inherited)",
				);
				INFOPLIST_FILE = PhotosSampleTests/Info.plist;
				LD_RUNPATH_SEARCH_PATHS = "$(inherited) @executable_path/Frameworks @loader_path/Frameworks";
				PRODUCT_NAME = "$(TARGET_NAME)";
				TEST_HOST = "$(BUNDLE_LOADER)";
			};
			name = Release;
		};
/* End XCBuildConfiguration section */

/* Begin XCConfigurationList section */
		06D7BFF1196CE5B100898A97 /* Build configuration list for PBXProject "PhotosSample" */ = {
			isa = XCConfigurationList;
			buildConfigurations = (
				06D7C010196CE5B100898A97 /* Debug */,
				06D7C011196CE5B100898A97 /* Release */,
			);
			defaultConfigurationIsVisible = 0;
			defaultConfigurationName = Release;
		};
		06D7C012196CE5B100898A97 /* Build configuration list for PBXNativeTarget "PhotosSample" */ = {
			isa = XCConfigurationList;
			buildConfigurations = (
				06D7C013196CE5B100898A97 /* Debug */,
				06D7C014196CE5B100898A97 /* Release */,
			);
			defaultConfigurationIsVisible = 0;
			defaultConfigurationName = Release;
		};
		06D7C015196CE5B100898A97 /* Build configuration list for PBXNativeTarget "PhotosSampleTests" */ = {
			isa = XCConfigurationList;
			buildConfigurations = (
				06D7C016196CE5B100898A97 /* Debug */,
				06D7C017196CE5B100898A97 /* Release */,
			);
			defaultConfigurationIsVisible = 0;
			defaultConfigurationName = Release;
		};
/* End XCConfigurationList section */
	};
	rootObject = 06D7BFEE196CE5B100898A97 /* Project object */;
}
